
Microsoft Visual Studio Solution File, Format Version 12.00
# Visual Studio Version 16
VisualStudioVersion = 16.0.31410.357
MinimumVisualStudioVersion = 10.0.40219.1
Project("{FAE04EC0-301F-11D3-BF4B-00C04F79EFBC}") = "QuizSystem", "LoginForm\QuizSystem.csproj", "{F3BF17EC-8730-4D6D-BEF2-78A953DED890}"
EndProject
Global
	GlobalSection(SolutionConfigurationPlatforms) = preSolution
		Debug|Any CPU = Debug|Any CPU
		Release|Any CPU = Release|Any CPU
	EndGlobalSection
	GlobalSection(ProjectConfigurationPlatforms) = postSolution
		{F3BF17EC-8730-4D6D-BEF2-78A953DED890}.Debug|Any CPU.ActiveCfg = Debug|Any CPU
		{F3BF17EC-8730-4D6D-BEF2-78A953DED890}.Debug|Any CPU.Build.0 = Debug|Any CPU
		{F3BF17EC-8730-4D6D-BEF2-78A953DED890}.Release|Any CPU.ActiveCfg = Release|Any CPU
		{F3BF17EC-8730-4D6D-BEF2-78A953DED890}.Release|Any CPU.Build.0 = Release|Any CPU
	EndGlobalSection
	GlobalSection(SolutionProperties) = preSolution
		HideSolutionNode = FALSE
	EndGlobalSection
	GlobalSection(ExtensibilityGlobals) = postSolution
		SolutionGuid = {4DA08EFB-C58C-4BD6-84E0-35AD64AC4961}
	EndGlobalSection
EndGlobal
